
Microsoft Visual Studio Solution File, Format Version 12.00
# Visual Studio Version 17
VisualStudioVersion = 17.6.33717.318
MinimumVisualStudioVersion = 10.0.40219.1
Project("{FAE04EC0-301F-11D3-BF4B-00C04F79EFBC}") = "Hospital2.0", "Hospital2.0\Hospital2.0.csproj", "{B6F54C4F-2EF5-4E04-8D2C-E2E8A8CD980B}"
EndProject
Global
	GlobalSection(SolutionConfigurationPlatforms) = preSolution
		Debug|Any CPU = Debug|Any CPU
		Release|Any CPU = Release|Any CPU
	EndGlobalSection
	GlobalSection(ProjectConfigurationPlatforms) = postSolution
		{B6F54C4F-2EF5-4E04-8D2C-E2E8A8CD980B}.Debug|Any CPU.ActiveCfg = Debug|Any CPU
		{B6F54C4F-2EF5-4E04-8D2C-E2E8A8CD980B}.Debug|Any CPU.Build.0 = Debug|Any CPU
		{B6F54C4F-2EF5-4E04-8D2C-E2E8A8CD980B}.Release|Any CPU.ActiveCfg = Release|Any CPU
		{B6F54C4F-2EF5-4E04-8D2C-E2E8A8CD980B}.Release|Any CPU.Build.0 = Release|Any CPU
	EndGlobalSection
	GlobalSection(SolutionProperties) = preSolution
		HideSolutionNode = FALSE
	EndGlobalSection
	GlobalSection(ExtensibilityGlobals) = postSolution
		SolutionGuid = {7D0BD30A-9CA5-4E12-95E4-B0C6E42AAB8D}
	EndGlobalSection
EndGlobal
